{
  "name": "openapi-enforcer-middleware",
  "version": "0.0.1",
  "lockfileVersion": 1,
  "requires": true,
  "dependencies": {
    "openapi-enforcer": {
      "version": "0.0.2",
      "resolved": "https://registry.npmjs.org/openapi-enforcer/-/openapi-enforcer-0.0.2.tgz",
      "integrity": "sha512-wyjCWisTwLA6zpTK1G05Hw1T1KhQfMGu8f4CE7NvnD/pueDvjPl441WwY7jXe0vBClNaYqELRyMdYYziaCL7gg=="
    }
  }
}
